
Microsoft Visual Studio Solution File, Format Version 12.00
# Visual Studio Version 16
VisualStudioVersion = 16.0.30907.101
MinimumVisualStudioVersion = 10.0.40219.1
Project("{FAE04EC0-301F-11D3-BF4B-00C04F79EFBC}") = "ControllerTweaks", "ControllerTweaks\ControllerTweaks.csproj", "{8C1B5745-46F2-46F1-8E57-3AB425046D1B}"
EndProject
Global
	GlobalSection(SolutionConfigurationPlatforms) = preSolution
		Debug|Any CPU = Debug|Any CPU
		Release|Any CPU = Release|Any CPU
	EndGlobalSection
	GlobalSection(ProjectConfigurationPlatforms) = postSolution
		{8C1B5745-46F2-46F1-8E57-3AB425046D1B}.Debug|Any CPU.ActiveCfg = Debug|Any CPU
		{8C1B5745-46F2-46F1-8E57-3AB425046D1B}.Debug|Any CPU.Build.0 = Debug|Any CPU
		{8C1B5745-46F2-46F1-8E57-3AB425046D1B}.Release|Any CPU.ActiveCfg = Release|Any CPU
		{8C1B5745-46F2-46F1-8E57-3AB425046D1B}.Release|Any CPU.Build.0 = Release|Any CPU
	EndGlobalSection
	GlobalSection(SolutionProperties) = preSolution
		HideSolutionNode = FALSE
	EndGlobalSection
	GlobalSection(ExtensibilityGlobals) = postSolution
		SolutionGuid = {2BAB4AD1-82A3-4992-8091-7AF1782ED108}
	EndGlobalSection
EndGlobal
